{
  "name": "2024",
  "lockfileVersion": 3,
  "requires": true,
  "packages": {
    "": {
      "dependencies": {
        "array-keyed-map": "^2.1.3"
      }
    },
    "node_modules/array-keyed-map": {
      "version": "2.1.3",
      "resolved": "https://registry.npmjs.org/array-keyed-map/-/array-keyed-map-2.1.3.tgz",
      "integrity": "sha512-JIUwuFakO+jHjxyp4YgSiKXSZeC0U+R1jR94bXWBcVlFRBycqXlb+kH9JHxBGcxnVuSqx5bnn0Qz9xtSeKOjiA==",
      "license": "ISC"
    }
  }
}
